
Microsoft Visual Studio Solution File, Format Version 12.00
# Visual Studio Version 16
VisualStudioVersion = 16.0.30804.86
MinimumVisualStudioVersion = 10.0.40219.1
Project("{FAE04EC0-301F-11D3-BF4B-00C04F79EFBC}") = "lap2", "lap2\lap2.csproj", "{5D520A85-B5E1-4258-A313-FAD820CD5C68}"
EndProject
Global
	GlobalSection(SolutionConfigurationPlatforms) = preSolution
		Debug|Any CPU = Debug|Any CPU
		Release|Any CPU = Release|Any CPU
	EndGlobalSection
	GlobalSection(ProjectConfigurationPlatforms) = postSolution
		{5D520A85-B5E1-4258-A313-FAD820CD5C68}.Debug|Any CPU.ActiveCfg = Debug|Any CPU
		{5D520A85-B5E1-4258-A313-FAD820CD5C68}.Debug|Any CPU.Build.0 = Debug|Any CPU
		{5D520A85-B5E1-4258-A313-FAD820CD5C68}.Release|Any CPU.ActiveCfg = Release|Any CPU
		{5D520A85-B5E1-4258-A313-FAD820CD5C68}.Release|Any CPU.Build.0 = Release|Any CPU
	EndGlobalSection
	GlobalSection(SolutionProperties) = preSolution
		HideSolutionNode = FALSE
	EndGlobalSection
	GlobalSection(ExtensibilityGlobals) = postSolution
		SolutionGuid = {70A0E317-4897-452D-9A33-8DE90730C2D6}
	EndGlobalSection
EndGlobal
